
Microsoft Visual Studio Solution File, Format Version 12.00
# Visual Studio Version 16
VisualStudioVersion = 16.0.30621.155
MinimumVisualStudioVersion = 10.0.40219.1
Project("{F2A71F9B-5D33-465A-A702-920D77279786}") = "RssTypeProvider", "RssTypeProvider\RssTypeProvider.fsproj", "{C85A2E0C-4B13-4E17-A945-3E1AFAE641CA}"
EndProject
Global
	GlobalSection(SolutionConfigurationPlatforms) = preSolution
		Debug|Any CPU = Debug|Any CPU
		Release|Any CPU = Release|Any CPU
	EndGlobalSection
	GlobalSection(ProjectConfigurationPlatforms) = postSolution
		{C85A2E0C-4B13-4E17-A945-3E1AFAE641CA}.Debug|Any CPU.ActiveCfg = Debug|Any CPU
		{C85A2E0C-4B13-4E17-A945-3E1AFAE641CA}.Debug|Any CPU.Build.0 = Debug|Any CPU
		{C85A2E0C-4B13-4E17-A945-3E1AFAE641CA}.Release|Any CPU.ActiveCfg = Release|Any CPU
		{C85A2E0C-4B13-4E17-A945-3E1AFAE641CA}.Release|Any CPU.Build.0 = Release|Any CPU
	EndGlobalSection
	GlobalSection(SolutionProperties) = preSolution
		HideSolutionNode = FALSE
	EndGlobalSection
	GlobalSection(ExtensibilityGlobals) = postSolution
		SolutionGuid = {8F474495-759D-4556-8AD0-69BEA7928EB4}
	EndGlobalSection
EndGlobal
